
Microsoft Visual Studio Solution File, Format Version 12.00
# Visual Studio 15
VisualStudioVersion = 15.0.27703.2000
MinimumVisualStudioVersion = 10.0.40219.1
Project("{FAE04EC0-301F-11D3-BF4B-00C04F79EFBC}") = "SampleApp.Android", "SampleApp\SampleApp.Android\SampleApp.Android.csproj", "{1F8F4C18-2747-4600-A30B-BF2A97592237}"
EndProject
Project("{FAE04EC0-301F-11D3-BF4B-00C04F79EFBC}") = "SampleApp.iOS", "SampleApp\SampleApp.iOS\SampleApp.iOS.csproj", "{3A23D0A4-58BB-4960-898B-97B56F8F3254}"
EndProject
Project("{FAE04EC0-301F-11D3-BF4B-00C04F79EFBC}") = "SampleApp.UWP", "SampleApp\SampleApp.UWP\SampleApp.UWP.csproj", "{306A474A-FC9A-4917-8C45-99CEFDB482DE}"
EndProject
Project("{FAE04EC0-301F-11D3-BF4B-00C04F79EFBC}") = "SampleApp", "SampleApp\SampleApp\SampleApp.csproj", "{B7E7385B-F4FD-4846-949F-815BF41A4650}"
EndProject
Global
	GlobalSection(SolutionConfigurationPlatforms) = preSolution
		Ad-Hoc|Any CPU = Ad-Hoc|Any CPU
		Ad-Hoc|ARM = Ad-Hoc|ARM
		Ad-Hoc|iPhone = Ad-Hoc|iPhone
		Ad-Hoc|iPhoneSimulator = Ad-Hoc|iPhoneSimulator
		Ad-Hoc|x64 = Ad-Hoc|x64
		Ad-Hoc|x86 = Ad-Hoc|x86
		AppStore|Any CPU = AppStore|Any CPU
		AppStore|ARM = AppStore|ARM
		AppStore|iPhone = AppStore|iPhone
		AppStore|iPhoneSimulator = AppStore|iPhoneSimulator
		AppStore|x64 = AppStore|x64
		AppStore|x86 = AppStore|x86
		Debug|Any CPU = Debug|Any CPU
		Debug|ARM = Debug|ARM
		Debug|iPhone = Debug|iPhone
		Debug|iPhoneSimulator = Debug|iPhoneSimulator
		Debug|x64 = Debug|x64
		Debug|x86 = Debug|x86
		Release|Any CPU = Release|Any CPU
		Release|ARM = Release|ARM
		Release|iPhone = Release|iPhone
		Release|iPhoneSimulator = Release|iPhoneSimulator
		Release|x64 = Release|x64
		Release|x86 = Release|x86
	EndGlobalSection
	GlobalSection(ProjectConfigurationPlatforms) = postSolution
		{1F8F4C18-2747-4600-A30B-BF2A97592237}.Ad-Hoc|Any CPU.ActiveCfg = Release|Any CPU
		{1F8F4C18-2747-4600-A30B-BF2A97592237}.Ad-Hoc|Any CPU.Build.0 = Release|Any CPU
		{1F8F4C18-2747-4600-A30B-BF2A97592237}.Ad-Hoc|Any CPU.Deploy.0 = Release|Any CPU
		{1F8F4C18-2747-4600-A30B-BF2A97592237}.Ad-Hoc|ARM.ActiveCfg = Release|Any CPU
		{1F8F4C18-2747-4600-A30B-BF2A97592237}.Ad-Hoc|ARM.Build.0 = Release|Any CPU
		{1F8F4C18-2747-4600-A30B-BF2A97592237}.Ad-Hoc|ARM.Deploy.0 = Release|Any CPU
		{1F8F4C18-2747-4600-A30B-BF2A97592237}.Ad-Hoc|iPhone.ActiveCfg = Release|Any CPU
		{1F8F4C18-2747-4600-A30B-BF2A97592237}.Ad-Hoc|iPhone.Build.0 = Release|Any CPU
		{1F8F4C18-2747-4600-A30B-BF2A97592237}.Ad-Hoc|iPhone.Deploy.0 = Release|Any CPU
		{1F8F4C18-2747-4600-A30B-BF2A97592237}.Ad-Hoc|iPhoneSimulator.ActiveCfg = Release|Any CPU
		{1F8F4C18-2747-4600-A30B-BF2A97592237}.Ad-Hoc|iPhoneSimulator.Build.0 = Release|Any CPU
		{1F8F4C18-2747-4600-A30B-BF2A97592237}.Ad-Hoc|iPhoneSimulator.Deploy.0 = Release|Any CPU
		{1F8F4C18-2747-4600-A30B-BF2A97592237}.Ad-Hoc|x64.ActiveCfg = Release|Any CPU
		{1F8F4C18-2747-4600-A30B-BF2A97592237}.Ad-Hoc|x64.Build.0 = Release|Any CPU
		{1F8F4C18-2747-4600-A30B-BF2A97592237}.Ad-Hoc|x64.Deploy.0 = Release|Any CPU
		{1F8F4C18-2747-4600-A30B-BF2A97592237}.Ad-Hoc|x86.ActiveCfg = Release|Any CPU
		{1F8F4C18-2747-4600-A30B-BF2A97592237}.Ad-Hoc|x86.Build.0 = Release|Any CPU
		{1F8F4C18-2747-4600-A30B-BF2A97592237}.Ad-Hoc|x86.Deploy.0 = Release|Any CPU
		{1F8F4C18-2747-4600-A30B-BF2A97592237}.AppStore|Any CPU.ActiveCfg = Release|Any CPU
		{1F8F4C18-2747-4600-A30B-BF2A97592237}.AppStore|Any CPU.Build.0 = Release|Any CPU
		{1F8F4C18-2747-4600-A30B-BF2A97592237}.AppStore|Any CPU.Deploy.0 = Release|Any CPU
		{1F8F4C18-2747-4600-A30B-BF2A97592237}.AppStore|ARM.ActiveCfg = Release|Any CPU
		{1F8F4C18-2747-4600-A30B-BF2A97592237}.AppStore|ARM.Build.0 = Release|Any CPU
		{1F8F4C18-2747-4600-A30B-BF2A97592237}.AppStore|ARM.Deploy.0 = Release|Any CPU
		{1F8F4C18-2747-4600-A30B-BF2A97592237}.AppStore|iPhone.ActiveCfg = Release|Any CPU
		{1F8F4C18-2747-4600-A30B-BF2A97592237}.AppStore|iPhone.Build.0 = Release|Any CPU
		{1F8F4C18-2747-4600-A30B-BF2A97592237}.AppStore|iPhone.Deploy.0 = Release|Any CPU
		{1F8F4C18-2747-4600-A30B-BF2A97592237}.AppStore|iPhoneSimulator.ActiveCfg = Release|Any CPU
		{1F8F4C18-2747-4600-A30B-BF2A97592237}.AppStore|iPhoneSimulator.Build.0 = Release|Any CPU
		{1F8F4C18-2747-4600-A30B-BF2A97592237}.AppStore|iPhoneSimulator.Deploy.0 = Release|Any CPU
		{1F8F4C18-2747-4600-A30B-BF2A97592237}.AppStore|x64.ActiveCfg = Release|Any CPU
		{1F8F4C18-2747-4600-A30B-BF2A97592237}.AppStore|x64.Build.0 = Release|Any CPU
		{1F8F4C18-2747-4600-A30B-BF2A97592237}.AppStore|x64.Deploy.0 = Release|Any CPU
		{1F8F4C18-2747-4600-A30B-BF2A97592237}.AppStore|x86.ActiveCfg = Release|Any CPU
		{1F8F4C18-2747-4600-A30B-BF2A97592237}.AppStore|x86.Build.0 = Release|Any CPU
		{1F8F4C18-2747-4600-A30B-BF2A97592237}.AppStore|x86.Deploy.0 = Release|Any CPU
		{1F8F4C18-2747-4600-A30B-BF2A97592237}.Debug|Any CPU.ActiveCfg = Debug|Any CPU
		{1F8F4C18-2747-4600-A30B-BF2A97592237}.Debug|Any CPU.Build.0 = Debug|Any CPU
		{1F8F4C18-2747-4600-A30B-BF2A97592237}.Debug|Any CPU.Deploy.0 = Debug|Any CPU
		{1F8F4C18-2747-4600-A30B-BF2A97592237}.Debug|ARM.ActiveCfg = Debug|Any CPU
		{1F8F4C18-2747-4600-A30B-BF2A97592237}.Debug|ARM.Build.0 = Debug|Any CPU
		{1F8F4C18-2747-4600-A30B-BF2A97592237}.Debug|ARM.Deploy.0 = Debug|Any CPU
		{1F8F4C18-2747-4600-A30B-BF2A97592237}.Debug|iPhone.ActiveCfg = Debug|Any CPU
		{1F8F4C18-2747-4600-A30B-BF2A97592237}.Debug|iPhone.Build.0 = Debug|Any CPU
		{1F8F4C18-2747-4600-A30B-BF2A97592237}.Debug|iPhone.Deploy.0 = Debug|Any CPU
		{1F8F4C18-2747-4600-A30B-BF2A97592237}.Debug|iPhoneSimulator.ActiveCfg = Debug|Any CPU
		{1F8F4C18-2747-4600-A30B-BF2A97592237}.Debug|iPhoneSimulator.Build.0 = Debug|Any CPU
		{1F8F4C18-2747-4600-A30B-BF2A97592237}.Debug|iPhoneSimulator.Deploy.0 = Debug|Any CPU
		{1F8F4C18-2747-4600-A30B-BF2A97592237}.Debug|x64.ActiveCfg = Debug|Any CPU
		{1F8F4C18-2747-4600-A30B-BF2A97592237}.Debug|x64.Build.0 = Debug|Any CPU
		{1F8F4C18-2747-4600-A30B-BF2A97592237}.Debug|x64.Deploy.0 = Debug|Any CPU
		{1F8F4C18-2747-4600-A30B-BF2A97592237}.Debug|x86.ActiveCfg = Debug|Any CPU
		{1F8F4C18-2747-4600-A30B-BF2A97592237}.Debug|x86.Build.0 = Debug|Any CPU
		{1F8F4C18-2747-4600-A30B-BF2A97592237}.Debug|x86.Deploy.0 = Debug|Any CPU
		{1F8F4C18-2747-4600-A30B-BF2A97592237}.Release|Any CPU.ActiveCfg = Release|Any CPU
		{1F8F4C18-2747-4600-A30B-BF2A97592237}.Release|Any CPU.Build.0 = Release|Any CPU
		{1F8F4C18-2747-4600-A30B-BF2A97592237}.Release|Any CPU.Deploy.0 = Release|Any CPU
		{1F8F4C18-2747-4600-A30B-BF2A97592237}.Release|ARM.ActiveCfg = Release|Any CPU
		{1F8F4C18-2747-4600-A30B-BF2A97592237}.Release|ARM.Build.0 = Release|Any CPU
		{1F8F4C18-2747-4600-A30B-BF2A97592237}.Release|ARM.Deploy.0 = Release|Any CPU
		{1F8F4C18-2747-4600-A30B-BF2A97592237}.Release|iPhone.ActiveCfg = Release|Any CPU
		{1F8F4C18-2747-4600-A30B-BF2A97592237}.Release|iPhone.Build.0 = Release|Any CPU
		{1F8F4C18-2747-4600-A30B-BF2A97592237}.Release|iPhone.Deploy.0 = Release|Any CPU
		{1F8F4C18-2747-4600-A30B-BF2A97592237}.Release|iPhoneSimulator.ActiveCfg = Release|Any CPU
		{1F8F4C18-2747-4600-A30B-BF2A97592237}.Release|iPhoneSimulator.Build.0 = Release|Any CPU
		{1F8F4C18-2747-4600-A30B-BF2A97592237}.Release|iPhoneSimulator.Deploy.0 = Release|Any CPU
		{1F8F4C18-2747-4600-A30B-BF2A97592237}.Release|x64.ActiveCfg = Release|Any CPU
		{1F8F4C18-2747-4600-A30B-BF2A97592237}.Release|x64.Build.0 = Release|Any CPU
		{1F8F4C18-2747-4600-A30B-BF2A97592237}.Release|x64.Deploy.0 = Release|Any CPU
		{1F8F4C18-2747-4600-A30B-BF2A97592237}.Release|x86.ActiveCfg = Release|Any CPU
		{1F8F4C18-2747-4600-A30B-BF2A97592237}.Release|x86.Build.0 = Release|Any CPU
		{1F8F4C18-2747-4600-A30B-BF2A97592237}.Release|x86.Deploy.0 = Release|Any CPU
		{3A23D0A4-58BB-4960-898B-97B56F8F3254}.Ad-Hoc|Any CPU.ActiveCfg = Ad-Hoc|iPhone
		{3A23D0A4-58BB-4960-898B-97B56F8F3254}.Ad-Hoc|Any CPU.Build.0 = Ad-Hoc|iPhone
		{3A23D0A4-58BB-4960-898B-97B56F8F3254}.Ad-Hoc|Any CPU.Deploy.0 = Ad-Hoc|iPhone
		{3A23D0A4-58BB-4960-898B-97B56F8F3254}.Ad-Hoc|ARM.ActiveCfg = Ad-Hoc|iPhone
		{3A23D0A4-58BB-4960-898B-97B56F8F3254}.Ad-Hoc|ARM.Build.0 = Ad-Hoc|iPhone
		{3A23D0A4-58BB-4960-898B-97B56F8F3254}.Ad-Hoc|ARM.Deploy.0 = Ad-Hoc|iPhone
		{3A23D0A4-58BB-4960-898B-97B56F8F3254}.Ad-Hoc|iPhone.ActiveCfg = Ad-Hoc|iPhone
		{3A23D0A4-58BB-4960-898B-97B56F8F3254}.Ad-Hoc|iPhone.Build.0 = Ad-Hoc|iPhone
		{3A23D0A4-58BB-4960-898B-97B56F8F3254}.Ad-Hoc|iPhone.Deploy.0 = Ad-Hoc|iPhone
		{3A23D0A4-58BB-4960-898B-97B56F8F3254}.Ad-Hoc|iPhoneSimulator.ActiveCfg = Ad-Hoc|iPhoneSimulator
		{3A23D0A4-58BB-4960-898B-97B56F8F3254}.Ad-Hoc|iPhoneSimulator.Build.0 = Ad-Hoc|iPhoneSimulator
		{3A23D0A4-58BB-4960-898B-97B56F8F3254}.Ad-Hoc|iPhoneSimulator.Deploy.0 = Ad-Hoc|iPhoneSimulator
		{3A23D0A4-58BB-4960-898B-97B56F8F3254}.Ad-Hoc|x64.ActiveCfg = Ad-Hoc|iPhone
		{3A23D0A4-58BB-4960-898B-97B56F8F3254}.Ad-Hoc|x64.Build.0 = Ad-Hoc|iPhone
		{3A23D0A4-58BB-4960-898B-97B56F8F3254}.Ad-Hoc|x64.Deploy.0 = Ad-Hoc|iPhone
		{3A23D0A4-58BB-4960-898B-97B56F8F3254}.Ad-Hoc|x86.ActiveCfg = Ad-Hoc|iPhone
		{3A23D0A4-58BB-4960-898B-97B56F8F3254}.Ad-Hoc|x86.Build.0 = Ad-Hoc|iPhone
		{3A23D0A4-58BB-4960-898B-97B56F8F3254}.Ad-Hoc|x86.Deploy.0 = Ad-Hoc|iPhone
		{3A23D0A4-58BB-4960-898B-97B56F8F3254}.AppStore|Any CPU.ActiveCfg = AppStore|iPhone
		{3A23D0A4-58BB-4960-898B-97B56F8F3254}.AppStore|Any CPU.Build.0 = AppStore|iPhone
		{3A23D0A4-58BB-4960-898B-97B56F8F3254}.AppStore|Any CPU.Deploy.0 = AppStore|iPhone
		{3A23D0A4-58BB-4960-898B-97B56F8F3254}.AppStore|ARM.ActiveCfg = AppStore|iPhone
		{3A23D0A4-58BB-4960-898B-97B56F8F3254}.AppStore|ARM.Build.0 = AppStore|iPhone
		{3A23D0A4-58BB-4960-898B-97B56F8F3254}.AppStore|ARM.Deploy.0 = AppStore|iPhone
		{3A23D0A4-58BB-4960-898B-97B56F8F3254}.AppStore|iPhone.ActiveCfg = AppStore|iPhone
		{3A23D0A4-58BB-4960-898B-97B56F8F3254}.AppStore|iPhone.Build.0 = AppStore|iPhone
		{3A23D0A4-58BB-4960-898B-97B56F8F3254}.AppStore|iPhone.Deploy.0 = AppStore|iPhone
		{3A23D0A4-58BB-4960-898B-97B56F8F3254}.AppStore|iPhoneSimulator.ActiveCfg = AppStore|iPhoneSimulator
		{3A23D0A4-58BB-4960-898B-97B56F8F3254}.AppStore|iPhoneSimulator.Build.0 = AppStore|iPhoneSimulator
		{3A23D0A4-58BB-4960-898B-97B56F8F3254}.AppStore|iPhoneSimulator.Deploy.0 = AppStore|iPhoneSimulator
		{3A23D0A4-58BB-4960-898B-97B56F8F3254}.AppStore|x64.ActiveCfg = AppStore|iPhone
		{3A23D0A4-58BB-4960-898B-97B56F8F3254}.AppStore|x64.Build.0 = AppStore|iPhone
		{3A23D0A4-58BB-4960-898B-97B56F8F3254}.AppStore|x64.Deploy.0 = AppStore|iPhone
		{3A23D0A4-58BB-4960-898B-97B56F8F3254}.AppStore|x86.ActiveCfg = AppStore|iPhone
		{3A23D0A4-58BB-4960-898B-97B56F8F3254}.AppStore|x86.Build.0 = AppStore|iPhone
		{3A23D0A4-58BB-4960-898B-97B56F8F3254}.AppStore|x86.Deploy.0 = AppStore|iPhone
		{3A23D0A4-58BB-4960-898B-97B56F8F3254}.Debug|Any CPU.ActiveCfg = Debug|iPhoneSimulator
		{3A23D0A4-58BB-4960-898B-97B56F8F3254}.Debug|Any CPU.Build.0 = Debug|iPhoneSimulator
		{3A23D0A4-58BB-4960-898B-97B56F8F3254}.Debug|Any CPU.Deploy.0 = Debug|iPhoneSimulator
		{3A23D0A4-58BB-4960-898B-97B56F8F3254}.Debug|ARM.ActiveCfg = Debug|iPhone
		{3A23D0A4-58BB-4960-898B-97B56F8F3254}.Debug|ARM.Build.0 = Debug|iPhone
		{3A23D0A4-58BB-4960-898B-97B56F8F3254}.Debug|ARM.Deploy.0 = Debug|iPhone
		{3A23D0A4-58BB-4960-898B-97B56F8F3254}.Debug|iPhone.ActiveCfg = Debug|iPhone
		{3A23D0A4-58BB-4960-898B-97B56F8F3254}.Debug|iPhone.Build.0 = Debug|iPhone
		{3A23D0A4-58BB-4960-898B-97B56F8F3254}.Debug|iPhone.Deploy.0 = Debug|iPhone
		{3A23D0A4-58BB-4960-898B-97B56F8F3254}.Debug|iPhoneSimulator.ActiveCfg = Debug|iPhoneSimulator
		{3A23D0A4-58BB-4960-898B-97B56F8F3254}.Debug|iPhoneSimulator.Build.0 = Debug|iPhoneSimulator
		{3A23D0A4-58BB-4960-898B-97B56F8F3254}.Debug|iPhoneSimulator.Deploy.0 = Debug|iPhoneSimulator
		{3A23D0A4-58BB-4960-898B-97B56F8F3254}.Debug|x64.ActiveCfg = Debug|iPhone
		{3A23D0A4-58BB-4960-898B-97B56F8F3254}.Debug|x64.Build.0 = Debug|iPhone
		{3A23D0A4-58BB-4960-898B-97B56F8F3254}.Debug|x64.Deploy.0 = Debug|iPhone
		{3A23D0A4-58BB-4960-898B-97B56F8F3254}.Debug|x86.ActiveCfg = Debug|iPhone
		{3A23D0A4-58BB-4960-898B-97B56F8F3254}.Debug|x86.Build.0 = Debug|iPhone
		{3A23D0A4-58BB-4960-898B-97B56F8F3254}.Debug|x86.Deploy.0 = Debug|iPhone
		{3A23D0A4-58BB-4960-898B-97B56F8F3254}.Release|Any CPU.ActiveCfg = Release|iPhone
		{3A23D0A4-58BB-4960-898B-97B56F8F3254}.Release|Any CPU.Build.0 = Release|iPhone
		{3A23D0A4-58BB-4960-898B-97B56F8F3254}.Release|Any CPU.Deploy.0 = Release|iPhone
		{3A23D0A4-58BB-4960-898B-97B56F8F3254}.Release|ARM.ActiveCfg = Release|iPhone
		{3A23D0A4-58BB-4960-898B-97B56F8F3254}.Release|ARM.Build.0 = Release|iPhone
		{3A23D0A4-58BB-4960-898B-97B56F8F3254}.Release|ARM.Deploy.0 = Release|iPhone
		{3A23D0A4-58BB-4960-898B-97B56F8F3254}.Release|iPhone.ActiveCfg = Release|iPhone
		{3A23D0A4-58BB-4960-898B-97B56F8F3254}.Release|iPhone.Build.0 = Release|iPhone
		{3A23D0A4-58BB-4960-898B-97B56F8F3254}.Release|iPhone.Deploy.0 = Release|iPhone
		{3A23D0A4-58BB-4960-898B-97B56F8F3254}.Release|iPhoneSimulator.ActiveCfg = Release|iPhoneSimulator
		{3A23D0A4-58BB-4960-898B-97B56F8F3254}.Release|iPhoneSimulator.Build.0 = Release|iPhoneSimulator
		{3A23D0A4-58BB-4960-898B-97B56F8F3254}.Release|iPhoneSimulator.Deploy.0 = Release|iPhoneSimulator
		{3A23D0A4-58BB-4960-898B-97B56F8F3254}.Release|x64.ActiveCfg = Release|iPhone
		{3A23D0A4-58BB-4960-898B-97B56F8F3254}.Release|x64.Build.0 = Release|iPhone
		{3A23D0A4-58BB-4960-898B-97B56F8F3254}.Release|x64.Deploy.0 = Release|iPhone
		{3A23D0A4-58BB-4960-898B-97B56F8F3254}.Release|x86.ActiveCfg = Release|iPhone
		{3A23D0A4-58BB-4960-898B-97B56F8F3254}.Release|x86.Build.0 = Release|iPhone
		{3A23D0A4-58BB-4960-898B-97B56F8F3254}.Release|x86.Deploy.0 = Release|iPhone
		{306A474A-FC9A-4917-8C45-99CEFDB482DE}.Ad-Hoc|Any CPU.ActiveCfg = Release|x86
		{306A474A-FC9A-4917-8C45-99CEFDB482DE}.Ad-Hoc|Any CPU.Build.0 = Release|x86
		{306A474A-FC9A-4917-8C45-99CEFDB482DE}.Ad-Hoc|Any CPU.Deploy.0 = Release|x86
		{306A474A-FC9A-4917-8C45-99CEFDB482DE}.Ad-Hoc|ARM.ActiveCfg = Release|ARM
		{306A474A-FC9A-4917-8C45-99CEFDB482DE}.Ad-Hoc|ARM.Build.0 = Release|ARM
		{306A474A-FC9A-4917-8C45-99CEFDB482DE}.Ad-Hoc|ARM.Deploy.0 = Release|ARM
		{306A474A-FC9A-4917-8C45-99CEFDB482DE}.Ad-Hoc|iPhone.ActiveCfg = Release|x86
		{306A474A-FC9A-4917-8C45-99CEFDB482DE}.Ad-Hoc|iPhone.Build.0 = Release|x86
		{306A474A-FC9A-4917-8C45-99CEFDB482DE}.Ad-Hoc|iPhone.Deploy.0 = Release|x86
		{306A474A-FC9A-4917-8C45-99CEFDB482DE}.Ad-Hoc|iPhoneSimulator.ActiveCfg = Release|x86
		{306A474A-FC9A-4917-8C45-99CEFDB482DE}.Ad-Hoc|iPhoneSimulator.Build.0 = Release|x86
		{306A474A-FC9A-4917-8C45-99CEFDB482DE}.Ad-Hoc|iPhoneSimulator.Deploy.0 = Release|x86
		{306A474A-FC9A-4917-8C45-99CEFDB482DE}.Ad-Hoc|x64.ActiveCfg = Release|x64
		{306A474A-FC9A-4917-8C45-99CEFDB482DE}.Ad-Hoc|x64.Build.0 = Release|x64
		{306A474A-FC9A-4917-8C45-99CEFDB482DE}.Ad-Hoc|x64.Deploy.0 = Release|x64
		{306A474A-FC9A-4917-8C45-99CEFDB482DE}.Ad-Hoc|x86.ActiveCfg = Release|x86
		{306A474A-FC9A-4917-8C45-99CEFDB482DE}.Ad-Hoc|x86.Build.0 = Release|x86
		{306A474A-FC9A-4917-8C45-99CEFDB482DE}.Ad-Hoc|x86.Deploy.0 = Release|x86
		{306A474A-FC9A-4917-8C45-99CEFDB482DE}.AppStore|Any CPU.ActiveCfg = Release|x86
		{306A474A-FC9A-4917-8C45-99CEFDB482DE}.AppStore|Any CPU.Build.0 = Release|x86
		{306A474A-FC9A-4917-8C45-99CEFDB482DE}.AppStore|Any CPU.Deploy.0 = Release|x86
		{306A474A-FC9A-4917-8C45-99CEFDB482DE}.AppStore|ARM.ActiveCfg = Release|ARM
		{306A474A-FC9A-4917-8C45-99CEFDB482DE}.AppStore|ARM.Build.0 = Release|ARM
		{306A474A-FC9A-4917-8C45-99CEFDB482DE}.AppStore|ARM.Deploy.0 = Release|ARM
		{306A474A-FC9A-4917-8C45-99CEFDB482DE}.AppStore|iPhone.ActiveCfg = Release|x86
		{306A474A-FC9A-4917-8C45-99CEFDB482DE}.AppStore|iPhone.Build.0 = Release|x86
		{306A474A-FC9A-4917-8C45-99CEFDB482DE}.AppStore|iPhone.Deploy.0 = Release|x86
		{306A474A-FC9A-4917-8C45-99CEFDB482DE}.AppStore|iPhoneSimulator.ActiveCfg = Release|x86
		{306A474A-FC9A-4917-8C45-99CEFDB482DE}.AppStore|iPhoneSimulator.Build.0 = Release|x86
		{306A474A-FC9A-4917-8C45-99CEFDB482DE}.AppStore|iPhoneSimulator.Deploy.0 = Release|x86
		{306A474A-FC9A-4917-8C45-99CEFDB482DE}.AppStore|x64.ActiveCfg = Release|x64
		{306A474A-FC9A-4917-8C45-99CEFDB482DE}.AppStore|x64.Build.0 = Release|x64
		{306A474A-FC9A-4917-8C45-99CEFDB482DE}.AppStore|x64.Deploy.0 = Release|x64
		{306A474A-FC9A-4917-8C45-99CEFDB482DE}.AppStore|x86.ActiveCfg = Release|x86
		{306A474A-FC9A-4917-8C45-99CEFDB482DE}.AppStore|x86.Build.0 = Release|x86
		{306A474A-FC9A-4917-8C45-99CEFDB482DE}.AppStore|x86.Deploy.0 = Release|x86
		{306A474A-FC9A-4917-8C45-99CEFDB482DE}.Debug|Any CPU.ActiveCfg = Debug|x86
		{306A474A-FC9A-4917-8C45-99CEFDB482DE}.Debug|Any CPU.Build.0 = Debug|x86
		{306A474A-FC9A-4917-8C45-99CEFDB482DE}.Debug|Any CPU.Deploy.0 = Debug|x86
		{306A474A-FC9A-4917-8C45-99CEFDB482DE}.Debug|ARM.ActiveCfg = Debug|ARM
		{306A474A-FC9A-4917-8C45-99CEFDB482DE}.Debug|ARM.Build.0 = Debug|ARM
		{306A474A-FC9A-4917-8C45-99CEFDB482DE}.Debug|ARM.Deploy.0 = Debug|ARM
		{306A474A-FC9A-4917-8C45-99CEFDB482DE}.Debug|iPhone.ActiveCfg = Debug|x86
		{306A474A-FC9A-4917-8C45-99CEFDB482DE}.Debug|iPhone.Build.0 = Debug|x86
		{306A474A-FC9A-4917-8C45-99CEFDB482DE}.Debug|iPhone.Deploy.0 = Debug|x86
		{306A474A-FC9A-4917-8C45-99CEFDB482DE}.Debug|iPhoneSimulator.ActiveCfg = Debug|x86
		{306A474A-FC9A-4917-8C45-99CEFDB482DE}.Debug|iPhoneSimulator.Build.0 = Debug|x86
		{306A474A-FC9A-4917-8C45-99CEFDB482DE}.Debug|iPhoneSimulator.Deploy.0 = Debug|x86
		{306A474A-FC9A-4917-8C45-99CEFDB482DE}.Debug|x64.ActiveCfg = Debug|x64
		{306A474A-FC9A-4917-8C45-99CEFDB482DE}.Debug|x64.Build.0 = Debug|x64
		{306A474A-FC9A-4917-8C45-99CEFDB482DE}.Debug|x64.Deploy.0 = Debug|x64
		{306A474A-FC9A-4917-8C45-99CEFDB482DE}.Debug|x86.ActiveCfg = Debug|x86
		{306A474A-FC9A-4917-8C45-99CEFDB482DE}.Debug|x86.Build.0 = Debug|x86
		{306A474A-FC9A-4917-8C45-99CEFDB482DE}.Debug|x86.Deploy.0 = Debug|x86
		{306A474A-FC9A-4917-8C45-99CEFDB482DE}.Release|Any CPU.ActiveCfg = Release|x86
		{306A474A-FC9A-4917-8C45-99CEFDB482DE}.Release|Any CPU.Build.0 = Release|x86
		{306A474A-FC9A-4917-8C45-99CEFDB482DE}.Release|Any CPU.Deploy.0 = Release|x86
		{306A474A-FC9A-4917-8C45-99CEFDB482DE}.Release|ARM.ActiveCfg = Release|ARM
		{306A474A-FC9A-4917-8C45-99CEFDB482DE}.Release|ARM.Build.0 = Release|ARM
		{306A474A-FC9A-4917-8C45-99CEFDB482DE}.Release|ARM.Deploy.0 = Release|ARM
		{306A474A-FC9A-4917-8C45-99CEFDB482DE}.Release|iPhone.ActiveCfg = Release|x86
		{306A474A-FC9A-4917-8C45-99CEFDB482DE}.Release|iPhone.Build.0 = Release|x86
		{306A474A-FC9A-4917-8C45-99CEFDB482DE}.Release|iPhone.Deploy.0 = Release|x86
		{306A474A-FC9A-4917-8C45-99CEFDB482DE}.Release|iPhoneSimulator.ActiveCfg = Release|x86
		{306A474A-FC9A-4917-8C45-99CEFDB482DE}.Release|iPhoneSimulator.Build.0 = Release|x86
		{306A474A-FC9A-4917-8C45-99CEFDB482DE}.Release|iPhoneSimulator.Deploy.0 = Release|x86
		{306A474A-FC9A-4917-8C45-99CEFDB482DE}.Release|x64.ActiveCfg = Release|x64
		{306A474A-FC9A-4917-8C45-99CEFDB482DE}.Release|x64.Build.0 = Release|x64
		{306A474A-FC9A-4917-8C45-99CEFDB482DE}.Release|x64.Deploy.0 = Release|x64
		{306A474A-FC9A-4917-8C45-99CEFDB482DE}.Release|x86.ActiveCfg = Release|x86
		{306A474A-FC9A-4917-8C45-99CEFDB482DE}.Release|x86.Build.0 = Release|x86
		{306A474A-FC9A-4917-8C45-99CEFDB482DE}.Release|x86.Deploy.0 = Release|x86
		{B7E7385B-F4FD-4846-949F-815BF41A4650}.Ad-Hoc|Any CPU.ActiveCfg = Debug|Any CPU
		{B7E7385B-F4FD-4846-949F-815BF41A4650}.Ad-Hoc|Any CPU.Build.0 = Debug|Any CPU
		{B7E7385B-F4FD-4846-949F-815BF41A4650}.Ad-Hoc|Any CPU.Deploy.0 = Debug|Any CPU
		{B7E7385B-F4FD-4846-949F-815BF41A4650}.Ad-Hoc|ARM.ActiveCfg = Debug|Any CPU
		{B7E7385B-F4FD-4846-949F-815BF41A4650}.Ad-Hoc|ARM.Build.0 = Debug|Any CPU
		{B7E7385B-F4FD-4846-949F-815BF41A4650}.Ad-Hoc|ARM.Deploy.0 = Debug|Any CPU
		{B7E7385B-F4FD-4846-949F-815BF41A4650}.Ad-Hoc|iPhone.ActiveCfg = Debug|Any CPU
		{B7E7385B-F4FD-4846-949F-815BF41A4650}.Ad-Hoc|iPhone.Build.0 = Debug|Any CPU
		{B7E7385B-F4FD-4846-949F-815BF41A4650}.Ad-Hoc|iPhone.Deploy.0 = Debug|Any CPU
		{B7E7385B-F4FD-4846-949F-815BF41A4650}.Ad-Hoc|iPhoneSimulator.ActiveCfg = Debug|Any CPU
		{B7E7385B-F4FD-4846-949F-815BF41A4650}.Ad-Hoc|iPhoneSimulator.Build.0 = Debug|Any CPU
		{B7E7385B-F4FD-4846-949F-815BF41A4650}.Ad-Hoc|iPhoneSimulator.Deploy.0 = Debug|Any CPU
		{B7E7385B-F4FD-4846-949F-815BF41A4650}.Ad-Hoc|x64.ActiveCfg = Debug|Any CPU
		{B7E7385B-F4FD-4846-949F-815BF41A4650}.Ad-Hoc|x64.Build.0 = Debug|Any CPU
		{B7E7385B-F4FD-4846-949F-815BF41A4650}.Ad-Hoc|x64.Deploy.0 = Debug|Any CPU
		{B7E7385B-F4FD-4846-949F-815BF41A4650}.Ad-Hoc|x86.ActiveCfg = Debug|Any CPU
		{B7E7385B-F4FD-4846-949F-815BF41A4650}.Ad-Hoc|x86.Build.0 = Debug|Any CPU
		{B7E7385B-F4FD-4846-949F-815BF41A4650}.Ad-Hoc|x86.Deploy.0 = Debug|Any CPU
		{B7E7385B-F4FD-4846-949F-815BF41A4650}.AppStore|Any CPU.ActiveCfg = Debug|Any CPU
		{B7E7385B-F4FD-4846-949F-815BF41A4650}.AppStore|Any CPU.Build.0 = Debug|Any CPU
		{B7E7385B-F4FD-4846-949F-815BF41A4650}.AppStore|Any CPU.Deploy.0 = Debug|Any CPU
		{B7E7385B-F4FD-4846-949F-815BF41A4650}.AppStore|ARM.ActiveCfg = Debug|Any CPU
		{B7E7385B-F4FD-4846-949F-815BF41A4650}.AppStore|ARM.Build.0 = Debug|Any CPU
		{B7E7385B-F4FD-4846-949F-815BF41A4650}.AppStore|ARM.Deploy.0 = Debug|Any CPU
		{B7E7385B-F4FD-4846-949F-815BF41A4650}.AppStore|iPhone.ActiveCfg = Debug|Any CPU
		{B7E7385B-F4FD-4846-949F-815BF41A4650}.AppStore|iPhone.Build.0 = Debug|Any CPU
		{B7E7385B-F4FD-4846-949F-815BF41A4650}.AppStore|iPhone.Deploy.0 = Debug|Any CPU
		{B7E7385B-F4FD-4846-949F-815BF41A4650}.AppStore|iPhoneSimulator.ActiveCfg = Debug|Any CPU
		{B7E7385B-F4FD-4846-949F-815BF41A4650}.AppStore|iPhoneSimulator.Build.0 = Debug|Any CPU
		{B7E7385B-F4FD-4846-949F-815BF41A4650}.AppStore|iPhoneSimulator.Deploy.0 = Debug|Any CPU
		{B7E7385B-F4FD-4846-949F-815BF41A4650}.AppStore|x64.ActiveCfg = Debug|Any CPU
		{B7E7385B-F4FD-4846-949F-815BF41A4650}.AppStore|x64.Build.0 = Debug|Any CPU
		{B7E7385B-F4FD-4846-949F-815BF41A4650}.AppStore|x64.Deploy.0 = Debug|Any CPU
		{B7E7385B-F4FD-4846-949F-815BF41A4650}.AppStore|x86.ActiveCfg = Debug|Any CPU
		{B7E7385B-F4FD-4846-949F-815BF41A4650}.AppStore|x86.Build.0 = Debug|Any CPU
		{B7E7385B-F4FD-4846-949F-815BF41A4650}.AppStore|x86.Deploy.0 = Debug|Any CPU
		{B7E7385B-F4FD-4846-949F-815BF41A4650}.Debug|Any CPU.ActiveCfg = Debug|Any CPU
		{B7E7385B-F4FD-4846-949F-815BF41A4650}.Debug|Any CPU.Build.0 = Debug|Any CPU
		{B7E7385B-F4FD-4846-949F-815BF41A4650}.Debug|Any CPU.Deploy.0 = Debug|Any CPU
		{B7E7385B-F4FD-4846-949F-815BF41A4650}.Debug|ARM.ActiveCfg = Debug|Any CPU
		{B7E7385B-F4FD-4846-949F-815BF41A4650}.Debug|ARM.Build.0 = Debug|Any CPU
		{B7E7385B-F4FD-4846-949F-815BF41A4650}.Debug|ARM.Deploy.0 = Debug|Any CPU
		{B7E7385B-F4FD-4846-949F-815BF41A4650}.Debug|iPhone.ActiveCfg = Debug|Any CPU
		{B7E7385B-F4FD-4846-949F-815BF41A4650}.Debug|iPhone.Build.0 = Debug|Any CPU
		{B7E7385B-F4FD-4846-949F-815BF41A4650}.Debug|iPhone.Deploy.0 = Debug|Any CPU
		{B7E7385B-F4FD-4846-949F-815BF41A4650}.Debug|iPhoneSimulator.ActiveCfg = Debug|Any CPU
		{B7E7385B-F4FD-4846-949F-815BF41A4650}.Debug|iPhoneSimulator.Build.0 = Debug|Any CPU
		{B7E7385B-F4FD-4846-949F-815BF41A4650}.Debug|iPhoneSimulator.Deploy.0 = Debug|Any CPU
		{B7E7385B-F4FD-4846-949F-815BF41A4650}.Debug|x64.ActiveCfg = Debug|Any CPU
		{B7E7385B-F4FD-4846-949F-815BF41A4650}.Debug|x64.Build.0 = Debug|Any CPU
		{B7E7385B-F4FD-4846-949F-815BF41A4650}.Debug|x64.Deploy.0 = Debug|Any CPU
		{B7E7385B-F4FD-4846-949F-815BF41A4650}.Debug|x86.ActiveCfg = Debug|Any CPU
		{B7E7385B-F4FD-4846-949F-815BF41A4650}.Debug|x86.Build.0 = Debug|Any CPU
		{B7E7385B-F4FD-4846-949F-815BF41A4650}.Debug|x86.Deploy.0 = Debug|Any CPU
		{B7E7385B-F4FD-4846-949F-815BF41A4650}.Release|Any CPU.ActiveCfg = Release|Any CPU
		{B7E7385B-F4FD-4846-949F-815BF41A4650}.Release|Any CPU.Build.0 = Release|Any CPU
		{B7E7385B-F4FD-4846-949F-815BF41A4650}.Release|Any CPU.Deploy.0 = Release|Any CPU
		{B7E7385B-F4FD-4846-949F-815BF41A4650}.Release|ARM.ActiveCfg = Release|Any CPU
		{B7E7385B-F4FD-4846-949F-815BF41A4650}.Release|ARM.Build.0 = Release|Any CPU
		{B7E7385B-F4FD-4846-949F-815BF41A4650}.Release|ARM.Deploy.0 = Release|Any CPU
		{B7E7385B-F4FD-4846-949F-815BF41A4650}.Release|iPhone.ActiveCfg = Release|Any CPU
		{B7E7385B-F4FD-4846-949F-815BF41A4650}.Release|iPhone.Build.0 = Release|Any CPU
		{B7E7385B-F4FD-4846-949F-815BF41A4650}.Release|iPhone.Deploy.0 = Release|Any CPU
		{B7E7385B-F4FD-4846-949F-815BF41A4650}.Release|iPhoneSimulator.ActiveCfg = Release|Any CPU
		{B7E7385B-F4FD-4846-949F-815BF41A4650}.Release|iPhoneSimulator.Build.0 = Release|Any CPU
		{B7E7385B-F4FD-4846-949F-815BF41A4650}.Release|iPhoneSimulator.Deploy.0 = Release|Any CPU
		{B7E7385B-F4FD-4846-949F-815BF41A4650}.Release|x64.ActiveCfg = Release|Any CPU
		{B7E7385B-F4FD-4846-949F-815BF41A4650}.Release|x64.Build.0 = Release|Any CPU
		{B7E7385B-F4FD-4846-949F-815BF41A4650}.Release|x64.Deploy.0 = Release|Any CPU
		{B7E7385B-F4FD-4846-949F-815BF41A4650}.Release|x86.ActiveCfg = Release|Any CPU
		{B7E7385B-F4FD-4846-949F-815BF41A4650}.Release|x86.Build.0 = Release|Any CPU
		{B7E7385B-F4FD-4846-949F-815BF41A4650}.Release|x86.Deploy.0 = Release|Any CPU
	EndGlobalSection
	GlobalSection(SolutionProperties) = preSolution
		HideSolutionNode = FALSE
	EndGlobalSection
	GlobalSection(ExtensibilityGlobals) = postSolution
		SolutionGuid = {3298706C-69CE-433E-82C9-3E7457560F96}
	EndGlobalSection
EndGlobal
